
Microsoft Visual Studio Solution File, Format Version 12.00
# Visual Studio Version 16
VisualStudioVersion = 16.0.29215.179
MinimumVisualStudioVersion = 10.0.40219.1
Project("{FAE04EC0-301F-11D3-BF4B-00C04F79EFBC}") = "TddCalApp", "TddCalApp\TddCalApp.csproj", "{6CAED898-BF01-4686-B5C4-83781C1FF5E2}"
EndProject
Project("{FAE04EC0-301F-11D3-BF4B-00C04F79EFBC}") = "TddCalApp.library", "TddCalApp.library\TddCalApp.library.csproj", "{31169797-55AA-4758-8764-B2D6E4866BE8}"
EndProject
Project("{FAE04EC0-301F-11D3-BF4B-00C04F79EFBC}") = "TddCalApp.Test", "TddCalApp.Test\TddCalApp.Test.csproj", "{1A80310A-3495-48BD-8082-978F29920C49}"
EndProject
Global
	GlobalSection(SolutionConfigurationPlatforms) = preSolution
		Debug|Any CPU = Debug|Any CPU
		Release|Any CPU = Release|Any CPU
	EndGlobalSection
	GlobalSection(ProjectConfigurationPlatforms) = postSolution
		{6CAED898-BF01-4686-B5C4-83781C1FF5E2}.Debug|Any CPU.ActiveCfg = Debug|Any CPU
		{6CAED898-BF01-4686-B5C4-83781C1FF5E2}.Debug|Any CPU.Build.0 = Debug|Any CPU
		{6CAED898-BF01-4686-B5C4-83781C1FF5E2}.Release|Any CPU.ActiveCfg = Release|Any CPU
		{6CAED898-BF01-4686-B5C4-83781C1FF5E2}.Release|Any CPU.Build.0 = Release|Any CPU
		{31169797-55AA-4758-8764-B2D6E4866BE8}.Debug|Any CPU.ActiveCfg = Debug|Any CPU
		{31169797-55AA-4758-8764-B2D6E4866BE8}.Debug|Any CPU.Build.0 = Debug|Any CPU
		{31169797-55AA-4758-8764-B2D6E4866BE8}.Release|Any CPU.ActiveCfg = Release|Any CPU
		{31169797-55AA-4758-8764-B2D6E4866BE8}.Release|Any CPU.Build.0 = Release|Any CPU
		{1A80310A-3495-48BD-8082-978F29920C49}.Debug|Any CPU.ActiveCfg = Debug|Any CPU
		{1A80310A-3495-48BD-8082-978F29920C49}.Debug|Any CPU.Build.0 = Debug|Any CPU
		{1A80310A-3495-48BD-8082-978F29920C49}.Release|Any CPU.ActiveCfg = Release|Any CPU
		{1A80310A-3495-48BD-8082-978F29920C49}.Release|Any CPU.Build.0 = Release|Any CPU
	EndGlobalSection
	GlobalSection(SolutionProperties) = preSolution
		HideSolutionNode = FALSE
	EndGlobalSection
	GlobalSection(ExtensibilityGlobals) = postSolution
		SolutionGuid = {4CFB55C4-D828-4126-B419-13BF9F0AF190}
	EndGlobalSection
EndGlobal
